
Microsoft Visual Studio Solution File, Format Version 12.00
# Visual Studio Version 16
VisualStudioVersion = 16.0.30011.22
MinimumVisualStudioVersion = 10.0.40219.1
Project("{FAE04EC0-301F-11D3-BF4B-00C04F79EFBC}") = "StudentAccountingProject", "StudentAccountingProject\StudentAccountingProject.csproj", "{21E04B3D-63EF-4C0C-A743-19C449D7953C}"
EndProject
Global
	GlobalSection(SolutionConfigurationPlatforms) = preSolution
		Debug|Any CPU = Debug|Any CPU
		Release|Any CPU = Release|Any CPU
	EndGlobalSection
	GlobalSection(ProjectConfigurationPlatforms) = postSolution
		{21E04B3D-63EF-4C0C-A743-19C449D7953C}.Debug|Any CPU.ActiveCfg = Debug|Any CPU
		{21E04B3D-63EF-4C0C-A743-19C449D7953C}.Debug|Any CPU.Build.0 = Debug|Any CPU
		{21E04B3D-63EF-4C0C-A743-19C449D7953C}.Release|Any CPU.ActiveCfg = Release|Any CPU
		{21E04B3D-63EF-4C0C-A743-19C449D7953C}.Release|Any CPU.Build.0 = Release|Any CPU
	EndGlobalSection
	GlobalSection(SolutionProperties) = preSolution
		HideSolutionNode = FALSE
	EndGlobalSection
	GlobalSection(ExtensibilityGlobals) = postSolution
		SolutionGuid = {D0275580-4589-4950-95AA-268FAD680118}
	EndGlobalSection
EndGlobal
